
Microsoft Visual Studio Solution File, Format Version 12.00
# Visual Studio 14
VisualStudioVersion = 14.0.25420.1
MinimumVisualStudioVersion = 10.0.40219.1
Project("{FAE04EC0-301F-11D3-BF4B-00C04F79EFBC}") = "2_SuNombre", "2_SuNombre.csproj", "{EBECF7A0-2785-4B90-943A-D22D240225CD}"
EndProject
Global
	GlobalSection(SolutionConfigurationPlatforms) = preSolution
		Debug|Any CPU = Debug|Any CPU
		Release|Any CPU = Release|Any CPU
	EndGlobalSection
	GlobalSection(ProjectConfigurationPlatforms) = postSolution
		{EBECF7A0-2785-4B90-943A-D22D240225CD}.Debug|Any CPU.ActiveCfg = Debug|Any CPU
		{EBECF7A0-2785-4B90-943A-D22D240225CD}.Debug|Any CPU.Build.0 = Debug|Any CPU
		{EBECF7A0-2785-4B90-943A-D22D240225CD}.Release|Any CPU.ActiveCfg = Release|Any CPU
		{EBECF7A0-2785-4B90-943A-D22D240225CD}.Release|Any CPU.Build.0 = Release|Any CPU
	EndGlobalSection
	GlobalSection(SolutionProperties) = preSolution
		HideSolutionNode = FALSE
	EndGlobalSection
EndGlobal
