
Microsoft Visual Studio Solution File, Format Version 12.00
# Visual Studio 14
VisualStudioVersion = 14.0.25420.1
MinimumVisualStudioVersion = 10.0.40219.1
Project("{FAE04EC0-301F-11D3-BF4B-00C04F79EFBC}") = "0_CargandoEdades", "0_CargandoEdades\0_CargandoEdades.csproj", "{89F9E426-D3C5-46EB-8D0C-41C9F705492F}"
EndProject
Global
	GlobalSection(SolutionConfigurationPlatforms) = preSolution
		Debug|Any CPU = Debug|Any CPU
		Release|Any CPU = Release|Any CPU
	EndGlobalSection
	GlobalSection(ProjectConfigurationPlatforms) = postSolution
		{89F9E426-D3C5-46EB-8D0C-41C9F705492F}.Debug|Any CPU.ActiveCfg = Debug|Any CPU
		{89F9E426-D3C5-46EB-8D0C-41C9F705492F}.Debug|Any CPU.Build.0 = Debug|Any CPU
		{89F9E426-D3C5-46EB-8D0C-41C9F705492F}.Release|Any CPU.ActiveCfg = Release|Any CPU
		{89F9E426-D3C5-46EB-8D0C-41C9F705492F}.Release|Any CPU.Build.0 = Release|Any CPU
	EndGlobalSection
	GlobalSection(SolutionProperties) = preSolution
		HideSolutionNode = FALSE
	EndGlobalSection
EndGlobal
